
Microsoft Visual Studio Solution File, Format Version 12.00
# Visual Studio Version 17
VisualStudioVersion = 17.7.34031.279
MinimumVisualStudioVersion = 10.0.40219.1
Project("{FAE04EC0-301F-11D3-BF4B-00C04F79EFBC}") = "Databaser_Slutprojekt_FH", "Databaser_Slutprojekt_FH.csproj", "{2C837119-47F2-41C4-8932-ED463DBDC701}"
EndProject
Global
	GlobalSection(SolutionConfigurationPlatforms) = preSolution
		Debug|Any CPU = Debug|Any CPU
		Release|Any CPU = Release|Any CPU
	EndGlobalSection
	GlobalSection(ProjectConfigurationPlatforms) = postSolution
		{2C837119-47F2-41C4-8932-ED463DBDC701}.Debug|Any CPU.ActiveCfg = Debug|Any CPU
		{2C837119-47F2-41C4-8932-ED463DBDC701}.Debug|Any CPU.Build.0 = Debug|Any CPU
		{2C837119-47F2-41C4-8932-ED463DBDC701}.Release|Any CPU.ActiveCfg = Release|Any CPU
		{2C837119-47F2-41C4-8932-ED463DBDC701}.Release|Any CPU.Build.0 = Release|Any CPU
	EndGlobalSection
	GlobalSection(SolutionProperties) = preSolution
		HideSolutionNode = FALSE
	EndGlobalSection
	GlobalSection(ExtensibilityGlobals) = postSolution
		SolutionGuid = {06C54F12-3E44-4376-98F5-7AF48130F612}
	EndGlobalSection
EndGlobal
